
Microsoft Visual Studio Solution File, Format Version 12.00
# Visual Studio Version 17
VisualStudioVersion = 17.11.35431.28
MinimumVisualStudioVersion = 10.0.40219.1
Project("{FAE04EC0-301F-11D3-BF4B-00C04F79EFBC}") = "Edin", "Edin\Edin.csproj", "{E3DA49F5-155E-4587-8993-8BFD30B7DFDC}"
EndProject
Global
	GlobalSection(SolutionConfigurationPlatforms) = preSolution
		Debug|Any CPU = Debug|Any CPU
		Release|Any CPU = Release|Any CPU
	EndGlobalSection
	GlobalSection(ProjectConfigurationPlatforms) = postSolution
		{E3DA49F5-155E-4587-8993-8BFD30B7DFDC}.Debug|Any CPU.ActiveCfg = Debug|Any CPU
		{E3DA49F5-155E-4587-8993-8BFD30B7DFDC}.Debug|Any CPU.Build.0 = Debug|Any CPU
		{E3DA49F5-155E-4587-8993-8BFD30B7DFDC}.Release|Any CPU.ActiveCfg = Release|Any CPU
		{E3DA49F5-155E-4587-8993-8BFD30B7DFDC}.Release|Any CPU.Build.0 = Release|Any CPU
	EndGlobalSection
	GlobalSection(SolutionProperties) = preSolution
		HideSolutionNode = FALSE
	EndGlobalSection
	GlobalSection(ExtensibilityGlobals) = postSolution
		SolutionGuid = {D83A0836-A17E-4013-86ED-D6E3F2FB4299}
	EndGlobalSection
EndGlobal
